
Microsoft Visual Studio Solution File, Format Version 12.00
# Visual Studio Version 17
VisualStudioVersion = 17.6.33829.357
MinimumVisualStudioVersion = 10.0.40219.1
Project("{9A19103F-16F7-4668-BE54-9A1E7A4F7556}") = "MessageTemplateCache", "MessageTemplateCache\MessageTemplateCache.csproj", "{36D8E4B8-F4E7-4740-B649-EE96FFBB61FF}"
EndProject
Project("{9A19103F-16F7-4668-BE54-9A1E7A4F7556}") = "MessageTemplateCache.Generators", "MessageTemplateCache.Generators\MessageTemplateCache.Generators.csproj", "{A980B1E3-2388-4E0F-82E2-7EE2C40237F1}"
EndProject
Project("{9A19103F-16F7-4668-BE54-9A1E7A4F7556}") = "MessageTemplateCache.Analyzers", "MessageTemplateCache.Analyzers\MessageTemplateCache.Analyzers.csproj", "{819F7223-76B9-4AE3-B88C-BE41E910415F}"
EndProject
Global
	GlobalSection(SolutionConfigurationPlatforms) = preSolution
		Debug|Any CPU = Debug|Any CPU
		Release|Any CPU = Release|Any CPU
	EndGlobalSection
	GlobalSection(ProjectConfigurationPlatforms) = postSolution
		{36D8E4B8-F4E7-4740-B649-EE96FFBB61FF}.Debug|Any CPU.ActiveCfg = Debug|Any CPU
		{36D8E4B8-F4E7-4740-B649-EE96FFBB61FF}.Debug|Any CPU.Build.0 = Debug|Any CPU
		{36D8E4B8-F4E7-4740-B649-EE96FFBB61FF}.Release|Any CPU.ActiveCfg = Release|Any CPU
		{36D8E4B8-F4E7-4740-B649-EE96FFBB61FF}.Release|Any CPU.Build.0 = Release|Any CPU
		{A980B1E3-2388-4E0F-82E2-7EE2C40237F1}.Debug|Any CPU.ActiveCfg = Debug|Any CPU
		{A980B1E3-2388-4E0F-82E2-7EE2C40237F1}.Debug|Any CPU.Build.0 = Debug|Any CPU
		{A980B1E3-2388-4E0F-82E2-7EE2C40237F1}.Release|Any CPU.ActiveCfg = Release|Any CPU
		{A980B1E3-2388-4E0F-82E2-7EE2C40237F1}.Release|Any CPU.Build.0 = Release|Any CPU
		{819F7223-76B9-4AE3-B88C-BE41E910415F}.Debug|Any CPU.ActiveCfg = Debug|Any CPU
		{819F7223-76B9-4AE3-B88C-BE41E910415F}.Debug|Any CPU.Build.0 = Debug|Any CPU
		{819F7223-76B9-4AE3-B88C-BE41E910415F}.Release|Any CPU.ActiveCfg = Release|Any CPU
		{819F7223-76B9-4AE3-B88C-BE41E910415F}.Release|Any CPU.Build.0 = Release|Any CPU
	EndGlobalSection
	GlobalSection(SolutionProperties) = preSolution
		HideSolutionNode = FALSE
	EndGlobalSection
	GlobalSection(ExtensibilityGlobals) = postSolution
		SolutionGuid = {B5194D64-5428-4487-BAC6-974366A0E100}
	EndGlobalSection
EndGlobal
